// !$*UTF8*$!
{
	archiveVersion = 1;
	classes = {
	};
	objectVersion = 77;
	objects = {

/* Begin PBXBuildFile section */
		971CBF292E362E5A00871644 /* Preview Assets.xcassets in Resources */ = {isa = PBXBuildFile; fileRef = 971CBF212E362E5A00871644 /* Preview Assets.xcassets */; };
		971CBF2A2E362E5A00871644 /* Assets.xcassets in Resources */ = {isa = PBXBuildFile; fileRef = 971CBF232E362E5A00871644 /* Assets.xcassets */; };
		971CBF352E3630EF00871644 /* ShopSenseAIApp.swift in Sources */ = {isa = PBXBuildFile; fileRef = 971CBF342E3630E800871644 /* ShopSenseAIApp.swift */; };
		971CBF372E36311400871644 /* Models.swift in Sources */ = {isa = PBXBuildFile; fileRef = 971CBF362E36311100871644 /* Models.swift */; };
		971CBF392E36312600871644 /* MainTabView.swift in Sources */ = {isa = PBXBuildFile; fileRef = 971CBF382E36312500871644 /* MainTabView.swift */; };
		971CBF3B2E36319500871644 /* OnboardingView.swift in Sources */ = {isa = PBXBuildFile; fileRef = 971CBF3A2E36319200871644 /* OnboardingView.swift */; };
		971CBF3D2E3631A100871644 /* ShoppingListView.swift in Sources */ = {isa = PBXBuildFile; fileRef = 971CBF3C2E3631A000871644 /* ShoppingListView.swift */; };
		971CBF3F2E3631AC00871644 /* DealsView.swift in Sources */ = {isa = PBXBuildFile; fileRef = 971CBF3E2E3631AB00871644 /* DealsView.swift */; };
		971CBF422E36321E00871644 /* InventoryView.swift in Sources */ = {isa = PBXBuildFile; fileRef = 971CBF412E36321900871644 /* InventoryView.swift */; };
		971CBF442E36322A00871644 /* ProfileView.swift in Sources */ = {isa = PBXBuildFile; fileRef = 971CBF432E36322900871644 /* ProfileView.swift */; };
		971CBF462E36323900871644 /* ClaudeAPIService.swift in Sources */ = {isa = PBXBuildFile; fileRef = 971CBF452E36323800871644 /* ClaudeAPIService.swift */; };
		971CBF482E36324D00871644 /* PriceTrackingService.swift in Sources */ = {isa = PBXBuildFile; fileRef = 971CBF472E36324B00871644 /* PriceTrackingService.swift */; };
		971CBF4B2E36326400871644 /* NotificationService.swift in Sources */ = {isa = PBXBuildFile; fileRef = 971CBF4A2E36326200871644 /* NotificationService.swift */; };
		97BBC3142E36F02D0026ADC2 /* APICacheManager.swift in Sources */ = {isa = PBXBuildFile; fileRef = 97BBC3132E36F01C0026ADC2 /* APICacheManager.swift */; };
/* End PBXBuildFile section */

/* Begin PBXContainerItemProxy section */
		971CBF052E362E0400871644 /* PBXContainerItemProxy */ = {
			isa = PBXContainerItemProxy;
			containerPortal = 971CBEEC2E362E0100871644 /* Project object */;
			proxyType = 1;
			remoteGlobalIDString = 971CBEF32E362E0100871644;
			remoteInfo = ShopSenseAI;
		};
		971CBF0F2E362E0400871644 /* PBXContainerItemProxy */ = {
			isa = PBXContainerItemProxy;
			containerPortal = 971CBEEC2E362E0100871644 /* Project object */;
			proxyType = 1;
			remoteGlobalIDString = 971CBEF32E362E0100871644;
			remoteInfo = ShopSenseAI;
		};
/* End PBXContainerItemProxy section */

/* Begin PBXFileReference section */
		971CBEF42E362E0100871644 /* ShopSenseAI.app */ = {isa = PBXFileReference; explicitFileType = wrapper.application; includeInIndex = 0; path = ShopSenseAI.app; sourceTree = BUILT_PRODUCTS_DIR; };
		971CBF042E362E0400871644 /* ShopSenseAITests.xctest */ = {isa = PBXFileReference; explicitFileType = wrapper.cfbundle; includeInIndex = 0; path = ShopSenseAITests.xctest; sourceTree = BUILT_PRODUCTS_DIR; };
		971CBF0E2E362E0400871644 /* ShopSenseAIUITests.xctest */ = {isa = PBXFileReference; explicitFileType = wrapper.cfbundle; includeInIndex = 0; path = ShopSenseAIUITests.xctest; sourceTree = BUILT_PRODUCTS_DIR; };
		971CBF212E362E5A00871644 /* Preview Assets.xcassets */ = {isa = PBXFileReference; lastKnownFileType = folder.assetcatalog; path = "Preview Assets.xcassets"; sourceTree = "<group>"; };
		971CBF232E362E5A00871644 /* Assets.xcassets */ = {isa = PBXFileReference; lastKnownFileType = folder.assetcatalog; path = Assets.xcassets; sourceTree = "<group>"; };
		971CBF342E3630E800871644 /* ShopSenseAIApp.swift */ = {isa = PBXFileReference; lastKnownFileType = sourcecode.swift; path = ShopSenseAIApp.swift; sourceTree = "<group>"; };
		971CBF362E36311100871644 /* Models.swift */ = {isa = PBXFileReference; lastKnownFileType = sourcecode.swift; path = Models.swift; sourceTree = "<group>"; };
		971CBF382E36312500871644 /* MainTabView.swift */ = {isa = PBXFileReference; lastKnownFileType = sourcecode.swift; path = MainTabView.swift; sourceTree = "<group>"; };
		971CBF3A2E36319200871644 /* OnboardingView.swift */ = {isa = PBXFileReference; lastKnownFileType = sourcecode.swift; path = OnboardingView.swift; sourceTree = "<group>"; };
		971CBF3C2E3631A000871644 /* ShoppingListView.swift */ = {isa = PBXFileReference; lastKnownFileType = sourcecode.swift; path = ShoppingListView.swift; sourceTree = "<group>"; };
		971CBF3E2E3631AB00871644 /* DealsView.swift */ = {isa = PBXFileReference; lastKnownFileType = sourcecode.swift; path = DealsView.swift; sourceTree = "<group>"; };
		971CBF412E36321900871644 /* InventoryView.swift */ = {isa = PBXFileReference; lastKnownFileType = sourcecode.swift; path = InventoryView.swift; sourceTree = "<group>"; };
		971CBF432E36322900871644 /* ProfileView.swift */ = {isa = PBXFileReference; lastKnownFileType = sourcecode.swift; path = ProfileView.swift; sourceTree = "<group>"; };
		971CBF452E36323800871644 /* ClaudeAPIService.swift */ = {isa = PBXFileReference; lastKnownFileType = sourcecode.swift; path = ClaudeAPIService.swift; sourceTree = "<group>"; };
		971CBF472E36324B00871644 /* PriceTrackingService.swift */ = {isa = PBXFileReference; lastKnownFileType = sourcecode.swift; path = PriceTrackingService.swift; sourceTree = "<group>"; };
		971CBF4A2E36326200871644 /* NotificationService.swift */ = {isa = PBXFileReference; lastKnownFileType = sourcecode.swift; path = NotificationService.swift; sourceTree = "<group>"; };
		97BBC3132E36F01C0026ADC2 /* APICacheManager.swift */ = {isa = PBXFileReference; lastKnownFileType = sourcecode.swift; path = APICacheManager.swift; sourceTree = "<group>"; };
		97ECC4C72E365B1900766189 /* Info.plist */ = {isa = PBXFileReference; lastKnownFileType = text.plist.xml; name = Info.plist; path = ShopSenseAI/Info.plist; sourceTree = SOURCE_ROOT; };
/* End PBXFileReference section */

/* Begin PBXFileSystemSynchronizedRootGroup section */
		971CBF072E362E0400871644 /* ShopSenseAITests */ = {
			isa = PBXFileSystemSynchronizedRootGroup;
			path = ShopSenseAITests;
			sourceTree = "<group>";
		};
		971CBF112E362E0400871644 /* ShopSenseAIUITests */ = {
			isa = PBXFileSystemSynchronizedRootGroup;
			path = ShopSenseAIUITests;
			sourceTree = "<group>";
		};
/* End PBXFileSystemSynchronizedRootGroup section */

/* Begin PBXFrameworksBuildPhase section */
		971CBEF12E362E0100871644 /* Frameworks */ = {
			isa = PBXFrameworksBuildPhase;
			buildActionMask = 2147483647;
			files = (
			);
			runOnlyForDeploymentPostprocessing = 0;
		};
		971CBF012E362E0400871644 /* Frameworks */ = {
			isa = PBXFrameworksBuildPhase;
			buildActionMask = 2147483647;
			files = (
			);
			runOnlyForDeploymentPostprocessing = 0;
		};
		971CBF0B2E362E0400871644 /* Frameworks */ = {
			isa = PBXFrameworksBuildPhase;
			buildActionMask = 2147483647;
			files = (
			);
			runOnlyForDeploymentPostprocessing = 0;
		};
/* End PBXFrameworksBuildPhase section */

/* Begin PBXGroup section */
		971CBEEB2E362E0100871644 = {
			isa = PBXGroup;
			children = (
				971CBF262E362E5A00871644 /* ShopSenseAI */,
				971CBF072E362E0400871644 /* ShopSenseAITests */,
				971CBF112E362E0400871644 /* ShopSenseAIUITests */,
				971CBEF52E362E0100871644 /* Products */,
			);
			sourceTree = "<group>";
		};
		971CBEF52E362E0100871644 /* Products */ = {
			isa = PBXGroup;
			children = (
				971CBEF42E362E0100871644 /* ShopSenseAI.app */,
				971CBF042E362E0400871644 /* ShopSenseAITests.xctest */,
				971CBF0E2E362E0400871644 /* ShopSenseAIUITests.xctest */,
			);
			name = Products;
			sourceTree = "<group>";
		};
		971CBF222E362E5A00871644 /* Preview Content */ = {
			isa = PBXGroup;
			children = (
				971CBF212E362E5A00871644 /* Preview Assets.xcassets */,
			);
			path = "Preview Content";
			sourceTree = "<group>";
		};
		971CBF262E362E5A00871644 /* ShopSenseAI */ = {
			isa = PBXGroup;
			children = (
				97ECC4C72E365B1900766189 /* Info.plist */,
				971CBF232E362E5A00871644 /* Assets.xcassets */,
				971CBF2B2E362E6300871644 /* App */,
				971CBF2D2E36304F00871644 /* Models */,
				971CBF222E362E5A00871644 /* Preview Content */,
				971CBF332E3630A200871644 /* Services */,
				971CBF2E2E36305400871644 /* Views */,
			);
			path = ShopSenseAI;
			sourceTree = "<group>";
		};
		971CBF2B2E362E6300871644 /* App */ = {
			isa = PBXGroup;
			children = (
				971CBF342E3630E800871644 /* ShopSenseAIApp.swift */,
			);
			path = App;
			sourceTree = "<group>";
		};
		971CBF2D2E36304F00871644 /* Models */ = {
			isa = PBXGroup;
			children = (
				971CBF362E36311100871644 /* Models.swift */,
			);
			path = Models;
			sourceTree = "<group>";
		};
		971CBF2E2E36305400871644 /* Views */ = {
			isa = PBXGroup;
			children = (
				971CBF322E36309000871644 /* Components */,
				971CBF312E36308B00871644 /* Shopping */,
				971CBF302E36307100871644 /* Onboarding */,
				971CBF2F2E36306B00871644 /* Main */,
			);
			path = Views;
			sourceTree = "<group>";
		};
		971CBF2F2E36306B00871644 /* Main */ = {
			isa = PBXGroup;
			children = (
				971CBF382E36312500871644 /* MainTabView.swift */,
			);
			path = Main;
			sourceTree = "<group>";
		};
		971CBF302E36307100871644 /* Onboarding */ = {
			isa = PBXGroup;
			children = (
				971CBF3A2E36319200871644 /* OnboardingView.swift */,
			);
			path = Onboarding;
			sourceTree = "<group>";
		};
		971CBF312E36308B00871644 /* Shopping */ = {
			isa = PBXGroup;
			children = (
				971CBF3E2E3631AB00871644 /* DealsView.swift */,
				971CBF3C2E3631A000871644 /* ShoppingListView.swift */,
			);
			path = Shopping;
			sourceTree = "<group>";
		};
		971CBF322E36309000871644 /* Components */ = {
			isa = PBXGroup;
			children = (
				971CBF432E36322900871644 /* ProfileView.swift */,
				971CBF412E36321900871644 /* InventoryView.swift */,
			);
			path = Components;
			sourceTree = "<group>";
		};
		971CBF332E3630A200871644 /* Services */ = {
			isa = PBXGroup;
			children = (
				97BBC3132E36F01C0026ADC2 /* APICacheManager.swift */,
				971CBF4A2E36326200871644 /* NotificationService.swift */,
				971CBF472E36324B00871644 /* PriceTrackingService.swift */,
				971CBF452E36323800871644 /* ClaudeAPIService.swift */,
			);
			path = Services;
			sourceTree = "<group>";
		};
/* End PBXGroup section */

/* Begin PBXNativeTarget section */
		971CBEF32E362E0100871644 /* ShopSenseAI */ = {
			isa = PBXNativeTarget;
			buildConfigurationList = 971CBF182E362E0400871644 /* Build configuration list for PBXNativeTarget "ShopSenseAI" */;
			buildPhases = (
				971CBEF02E362E0100871644 /* Sources */,
				971CBEF12E362E0100871644 /* Frameworks */,
				971CBEF22E362E0100871644 /* Resources */,
			);
			buildRules = (
			);
			dependencies = (
			);
			name = ShopSenseAI;
			packageProductDependencies = (
			);
			productName = ShopSenseAI;
			productReference = 971CBEF42E362E0100871644 /* ShopSenseAI.app */;
			productType = "com.apple.product-type.application";
		};
		971CBF032E362E0400871644 /* ShopSenseAITests */ = {
			isa = PBXNativeTarget;
			buildConfigurationList = 971CBF1B2E362E0400871644 /* Build configuration list for PBXNativeTarget "ShopSenseAITests" */;
			buildPhases = (
				971CBF002E362E0400871644 /* Sources */,
				971CBF012E362E0400871644 /* Frameworks */,
				971CBF022E362E0400871644 /* Resources */,
			);
			buildRules = (
			);
			dependencies = (
				971CBF062E362E0400871644 /* PBXTargetDependency */,
			);
			fileSystemSynchronizedGroups = (
				971CBF072E362E0400871644 /* ShopSenseAITests */,
			);
			name = ShopSenseAITests;
			packageProductDependencies = (
			);
			productName = ShopSenseAITests;
			productReference = 971CBF042E362E0400871644 /* ShopSenseAITests.xctest */;
			productType = "com.apple.product-type.bundle.unit-test";
		};
		971CBF0D2E362E0400871644 /* ShopSenseAIUITests */ = {
			isa = PBXNativeTarget;
			buildConfigurationList = 971CBF1E2E362E0400871644 /* Build configuration list for PBXNativeTarget "ShopSenseAIUITests" */;
			buildPhases = (
				971CBF0A2E362E0400871644 /* Sources */,
				971CBF0B2E362E0400871644 /* Frameworks */,
				971CBF0C2E362E0400871644 /* Resources */,
			);
			buildRules = (
			);
			dependencies = (
				971CBF102E362E0400871644 /* PBXTargetDependency */,
			);
			fileSystemSynchronizedGroups = (
				971CBF112E362E0400871644 /* ShopSenseAIUITests */,
			);
			name = ShopSenseAIUITests;
			packageProductDependencies = (
			);
			productName = ShopSenseAIUITests;
			productReference = 971CBF0E2E362E0400871644 /* ShopSenseAIUITests.xctest */;
			productType = "com.apple.product-type.bundle.ui-testing";
		};
/* End PBXNativeTarget section */

/* Begin PBXProject section */
		971CBEEC2E362E0100871644 /* Project object */ = {
			isa = PBXProject;
			attributes = {
				BuildIndependentTargetsInParallel = 1;
				LastSwiftUpdateCheck = 1600;
				LastUpgradeCheck = 1600;
				TargetAttributes = {
					971CBEF32E362E0100871644 = {
						CreatedOnToolsVersion = 16.0;
					};
					971CBF032E362E0400871644 = {
						CreatedOnToolsVersion = 16.0;
						TestTargetID = 971CBEF32E362E0100871644;
					};
					971CBF0D2E362E0400871644 = {
						CreatedOnToolsVersion = 16.0;
						TestTargetID = 971CBEF32E362E0100871644;
					};
				};
			};
			buildConfigurationList = 971CBEEF2E362E0100871644 /* Build configuration list for PBXProject "ShopSenseAI" */;
			developmentRegion = en;
			hasScannedForEncodings = 0;
			knownRegions = (
				en,
				Base,
			);
			mainGroup = 971CBEEB2E362E0100871644;
			minimizedProjectReferenceProxies = 1;
			preferredProjectObjectVersion = 77;
			productRefGroup = 971CBEF52E362E0100871644 /* Products */;
			projectDirPath = "";
			projectRoot = "";
			targets = (
				971CBEF32E362E0100871644 /* ShopSenseAI */,
				971CBF032E362E0400871644 /* ShopSenseAITests */,
				971CBF0D2E362E0400871644 /* ShopSenseAIUITests */,
			);
		};
/* End PBXProject section */

/* Begin PBXResourcesBuildPhase section */
		971CBEF22E362E0100871644 /* Resources */ = {
			isa = PBXResourcesBuildPhase;
			buildActionMask = 2147483647;
			files = (
				971CBF292E362E5A00871644 /* Preview Assets.xcassets in Resources */,
				971CBF2A2E362E5A00871644 /* Assets.xcassets in Resources */,
			);
			runOnlyForDeploymentPostprocessing = 0;
		};
		971CBF022E362E0400871644 /* Resources */ = {
			isa = PBXResourcesBuildPhase;
			buildActionMask = 2147483647;
			files = (
			);
			runOnlyForDeploymentPostprocessing = 0;
		};
		971CBF0C2E362E0400871644 /* Resources */ = {
			isa = PBXResourcesBuildPhase;
			buildActionMask = 2147483647;
			files = (
			);
			runOnlyForDeploymentPostprocessing = 0;
		};
/* End PBXResourcesBuildPhase section */

/* Begin PBXSourcesBuildPhase section */
		971CBEF02E362E0100871644 /* Sources */ = {
			isa = PBXSourcesBuildPhase;
			buildActionMask = 2147483647;
			files = (
				971CBF482E36324D00871644 /* PriceTrackingService.swift in Sources */,
				971CBF4B2E36326400871644 /* NotificationService.swift in Sources */,
				971CBF3D2E3631A100871644 /* ShoppingListView.swift in Sources */,
				971CBF442E36322A00871644 /* ProfileView.swift in Sources */,
				971CBF462E36323900871644 /* ClaudeAPIService.swift in Sources */,
				97BBC3142E36F02D0026ADC2 /* APICacheManager.swift in Sources */,
				971CBF422E36321E00871644 /* InventoryView.swift in Sources */,
				971CBF352E3630EF00871644 /* ShopSenseAIApp.swift in Sources */,
				971CBF3B2E36319500871644 /* OnboardingView.swift in Sources */,
				971CBF372E36311400871644 /* Models.swift in Sources */,
				971CBF3F2E3631AC00871644 /* DealsView.swift in Sources */,
				971CBF392E36312600871644 /* MainTabView.swift in Sources */,
			);
			runOnlyForDeploymentPostprocessing = 0;
		};
		971CBF002E362E0400871644 /* Sources */ = {
			isa = PBXSourcesBuildPhase;
			buildActionMask = 2147483647;
			files = (
			);
			runOnlyForDeploymentPostprocessing = 0;
		};
		971CBF0A2E362E0400871644 /* Sources */ = {
			isa = PBXSourcesBuildPhase;
			buildActionMask = 2147483647;
			files = (
			);
			runOnlyForDeploymentPostprocessing = 0;
		};
/* End PBXSourcesBuildPhase section */

/* Begin PBXTargetDependency section */
		971CBF062E362E0400871644 /* PBXTargetDependency */ = {
			isa = PBXTargetDependency;
			target = 971CBEF32E362E0100871644 /* ShopSenseAI */;
			targetProxy = 971CBF052E362E0400871644 /* PBXContainerItemProxy */;
		};
		971CBF102E362E0400871644 /* PBXTargetDependency */ = {
			isa = PBXTargetDependency;
			target = 971CBEF32E362E0100871644 /* ShopSenseAI */;
			targetProxy = 971CBF0F2E362E0400871644 /* PBXContainerItemProxy */;
		};
/* End PBXTargetDependency section */

/* Begin XCBuildConfiguration section */
		971CBF162E362E0400871644 /* Debug */ = {
			isa = XCBuildConfiguration;
			buildSettings = {
				ALWAYS_SEARCH_USER_PATHS = NO;
				ASSETCATALOG_COMPILER_GENERATE_SWIFT_ASSET_SYMBOL_EXTENSIONS = YES;
				CLANG_ANALYZER_NONNULL = YES;
				CLANG_ANALYZER_NUMBER_OBJECT_CONVERSION = YES_AGGRESSIVE;
				CLANG_CXX_LANGUAGE_STANDARD = "gnu++20";
				CLANG_ENABLE_MODULES = YES;
				CLANG_ENABLE_OBJC_ARC = YES;
				CLANG_ENABLE_OBJC_WEAK = YES;
				CLANG_WARN_BLOCK_CAPTURE_AUTORELEASING = YES;
				CLANG_WARN_BOOL_CONVERSION = YES;
				CLANG_WARN_COMMA = YES;
				CLANG_WARN_CONSTANT_CONVERSION = YES;
				CLANG_WARN_DEPRECATED_OBJC_IMPLEMENTATIONS = YES;
				CLANG_WARN_DIRECT_OBJC_ISA_USAGE = YES_ERROR;
				CLANG_WARN_DOCUMENTATION_COMMENTS = YES;
				CLANG_WARN_EMPTY_BODY = YES;
				CLANG_WARN_ENUM_CONVERSION = YES;
				CLANG_WARN_INFINITE_RECURSION = YES;
				CLANG_WARN_INT_CONVERSION = YES;
				CLANG_WARN_NON_LITERAL_NULL_CONVERSION = YES;
				CLANG_WARN_OBJC_IMPLICIT_RETAIN_SELF = YES;
				CLANG_WARN_OBJC_LITERAL_CONVERSION = YES;
				CLANG_WARN_OBJC_ROOT_CLASS = YES_ERROR;
				CLANG_WARN_QUOTED_INCLUDE_IN_FRAMEWORK_HEADER = YES;
				CLANG_WARN_RANGE_LOOP_ANALYSIS = YES;
				CLANG_WARN_STRICT_PROTOTYPES = YES;
				CLANG_WARN_SUSPICIOUS_MOVE = YES;
				CLANG_WARN_UNGUARDED_AVAILABILITY = YES_AGGRESSIVE;
				CLANG_WARN_UNREACHABLE_CODE = YES;
				CLANG_WARN__DUPLICATE_METHOD_MATCH = YES;
				COPY_PHASE_STRIP = NO;
				DEBUG_INFORMATION_FORMAT = dwarf;
				ENABLE_STRICT_OBJC_MSGSEND = YES;
				ENABLE_TESTABILITY = YES;
				ENABLE_USER_SCRIPT_SANDBOXING = YES;
				GCC_C_LANGUAGE_STANDARD = gnu17;
				GCC_DYNAMIC_NO_PIC = NO;
				GCC_NO_COMMON_BLOCKS = YES;
				GCC_OPTIMIZATION_LEVEL = 0;
				GCC_PREPROCESSOR_DEFINITIONS = (
					"DEBUG=1",
					"$(inherited)",
				);
				GCC_WARN_64_TO_32_BIT_CONVERSION = YES;
				GCC_WARN_ABOUT_RETURN_TYPE = YES_ERROR;
				GCC_WARN_UNDECLARED_SELECTOR = YES;
				GCC_WARN_UNINITIALIZED_AUTOS = YES_AGGRESSIVE;
				GCC_WARN_UNUSED_FUNCTION = YES;
				GCC_WARN_UNUSED_VARIABLE = YES;
				IPHONEOS_DEPLOYMENT_TARGET = 18.0;
				LOCALIZATION_PREFERS_STRING_CATALOGS = YES;
				MTL_ENABLE_DEBUG_INFO = INCLUDE_SOURCE;
				MTL_FAST_MATH = YES;
				ONLY_ACTIVE_ARCH = YES;
				SDKROOT = iphoneos;
				SWIFT_ACTIVE_COMPILATION_CONDITIONS = "DEBUG $(inherited)";
				SWIFT_OPTIMIZATION_LEVEL = "-Onone";
			};
			name = Debug;
		};
		971CBF172E362E0400871644 /* Release */ = {
			isa = XCBuildConfiguration;
			buildSettings = {
				ALWAYS_SEARCH_USER_PATHS = NO;
				ASSETCATALOG_COMPILER_GENERATE_SWIFT_ASSET_SYMBOL_EXTENSIONS = YES;
				CLANG_ANALYZER_NONNULL = YES;
				CLANG_ANALYZER_NUMBER_OBJECT_CONVERSION = YES_AGGRESSIVE;
				CLANG_CXX_LANGUAGE_STANDARD = "gnu++20";
				CLANG_ENABLE_MODULES = YES;
				CLANG_ENABLE_OBJC_ARC = YES;
				CLANG_ENABLE_OBJC_WEAK = YES;
				CLANG_WARN_BLOCK_CAPTURE_AUTORELEASING = YES;
				CLANG_WARN_BOOL_CONVERSION = YES;
				CLANG_WARN_COMMA = YES;
				CLANG_WARN_CONSTANT_CONVERSION = YES;
				CLANG_WARN_DEPRECATED_OBJC_IMPLEMENTATIONS = YES;
				CLANG_WARN_DIRECT_OBJC_ISA_USAGE = YES_ERROR;
				CLANG_WARN_DOCUMENTATION_COMMENTS = YES;
				CLANG_WARN_EMPTY_BODY = YES;
				CLANG_WARN_ENUM_CONVERSION = YES;
				CLANG_WARN_INFINITE_RECURSION = YES;
				CLANG_WARN_INT_CONVERSION = YES;
				CLANG_WARN_NON_LITERAL_NULL_CONVERSION = YES;
				CLANG_WARN_OBJC_IMPLICIT_RETAIN_SELF = YES;
				CLANG_WARN_OBJC_LITERAL_CONVERSION = YES;
				CLANG_WARN_OBJC_ROOT_CLASS = YES_ERROR;
				CLANG_WARN_QUOTED_INCLUDE_IN_FRAMEWORK_HEADER = YES;
				CLANG_WARN_RANGE_LOOP_ANALYSIS = YES;
				CLANG_WARN_STRICT_PROTOTYPES = YES;
				CLANG_WARN_SUSPICIOUS_MOVE = YES;
				CLANG_WARN_UNGUARDED_AVAILABILITY = YES_AGGRESSIVE;
				CLANG_WARN_UNREACHABLE_CODE = YES;
				CLANG_WARN__DUPLICATE_METHOD_MATCH = YES;
				COPY_PHASE_STRIP = NO;
				DEBUG_INFORMATION_FORMAT = "dwarf-with-dsym";
				ENABLE_NS_ASSERTIONS = NO;
				ENABLE_STRICT_OBJC_MSGSEND = YES;
				ENABLE_USER_SCRIPT_SANDBOXING = YES;
				GCC_C_LANGUAGE_STANDARD = gnu17;
				GCC_NO_COMMON_BLOCKS = YES;
				GCC_WARN_64_TO_32_BIT_CONVERSION = YES;
				GCC_WARN_ABOUT_RETURN_TYPE = YES_ERROR;
				GCC_WARN_UNDECLARED_SELECTOR = YES;
				GCC_WARN_UNINITIALIZED_AUTOS = YES_AGGRESSIVE;
				GCC_WARN_UNUSED_FUNCTION = YES;
				GCC_WARN_UNUSED_VARIABLE = YES;
				IPHONEOS_DEPLOYMENT_TARGET = 18.0;
				LOCALIZATION_PREFERS_STRING_CATALOGS = YES;
				MTL_ENABLE_DEBUG_INFO = NO;
				MTL_FAST_MATH = YES;
				SDKROOT = iphoneos;
				SWIFT_COMPILATION_MODE = wholemodule;
				VALIDATE_PRODUCT = YES;
			};
			name = Release;
		};
		971CBF192E362E0400871644 /* Debug */ = {
			isa = XCBuildConfiguration;
			buildSettings = {
				ASSETCATALOG_COMPILER_APPICON_NAME = AppIcon;
				ASSETCATALOG_COMPILER_GLOBAL_ACCENT_COLOR_NAME = AccentColor;
				CODE_SIGN_STYLE = Automatic;
				CURRENT_PROJECT_VERSION = 1;
				DEVELOPMENT_ASSET_PATHS = "\"ShopSenseAI/Preview Content\"";
				DEVELOPMENT_TEAM = H53WEUDJ77;
				ENABLE_PREVIEWS = YES;
				GENERATE_INFOPLIST_FILE = YES;
				INFOPLIST_FILE = /Users/chasefloied/Desktop/ShopSenseAI/ShopSenseAI/ShopSenseAI/Info.plist;
				INFOPLIST_KEY_CFBundleDisplayName = ShopSenseAI;
				INFOPLIST_KEY_LSApplicationCategoryType = "public.app-category.shopping";
				INFOPLIST_KEY_NSLocationWhenInUseUsageDescription = "ShopSense AI uses your location to show deals from nearby stores.";
				INFOPLIST_KEY_NSUserTrackingUsageDescription = "This app uses tracking to provide personalized shopping recommendations and improve your experience.";
				INFOPLIST_KEY_UIApplicationSupportsIndirectInputEvents = YES;
				INFOPLIST_KEY_UILaunchScreen_Generation = YES;
				INFOPLIST_KEY_UISupportedInterfaceOrientations_iPad = "UIInterfaceOrientationPortrait UIInterfaceOrientationPortraitUpsideDown UIInterfaceOrientationLandscapeLeft UIInterfaceOrientationLandscapeRight";
				INFOPLIST_KEY_UISupportedInterfaceOrientations_iPhone = "UIInterfaceOrientationPortrait UIInterfaceOrientationLandscapeLeft UIInterfaceOrientationLandscapeRight";
				LD_RUNPATH_SEARCH_PATHS = (
					"$(inherited)",
					"@executable_path/Frameworks",
				);
				MARKETING_VERSION = 1.0;
				PRODUCT_BUNDLE_IDENTIFIER = FluidLabs.ShopSenseAI;
				PRODUCT_NAME = "$(TARGET_NAME)";
				SWIFT_EMIT_LOC_STRINGS = YES;
				SWIFT_VERSION = 5.0;
				TARGETED_DEVICE_FAMILY = "1,2";
			};
			name = Debug;
		};
		971CBF1A2E362E0400871644 /* Release */ = {
			isa = XCBuildConfiguration;
			buildSettings = {
				ASSETCATALOG_COMPILER_APPICON_NAME = AppIcon;
				ASSETCATALOG_COMPILER_GLOBAL_ACCENT_COLOR_NAME = AccentColor;
				CODE_SIGN_STYLE = Automatic;
				CURRENT_PROJECT_VERSION = 1;
				DEVELOPMENT_ASSET_PATHS = "\"ShopSenseAI/Preview Content\"";
				DEVELOPMENT_TEAM = H53WEUDJ77;
				ENABLE_PREVIEWS = YES;
				GENERATE_INFOPLIST_FILE = YES;
				INFOPLIST_FILE = /Users/chasefloied/Desktop/ShopSenseAI/ShopSenseAI/ShopSenseAI/Info.plist;
				INFOPLIST_KEY_CFBundleDisplayName = ShopSenseAI;
				INFOPLIST_KEY_LSApplicationCategoryType = "public.app-category.shopping";
				INFOPLIST_KEY_NSLocationWhenInUseUsageDescription = "ShopSense AI uses your location to show deals from nearby stores.";
				INFOPLIST_KEY_NSUserTrackingUsageDescription = "This app uses tracking to provide personalized shopping recommendations and improve your experience.";
				INFOPLIST_KEY_UIApplicationSupportsIndirectInputEvents = YES;
				INFOPLIST_KEY_UILaunchScreen_Generation = YES;
				INFOPLIST_KEY_UISupportedInterfaceOrientations_iPad = "UIInterfaceOrientationPortrait UIInterfaceOrientationPortraitUpsideDown UIInterfaceOrientationLandscapeLeft UIInterfaceOrientationLandscapeRight";
				INFOPLIST_KEY_UISupportedInterfaceOrientations_iPhone = "UIInterfaceOrientationPortrait UIInterfaceOrientationLandscapeLeft UIInterfaceOrientationLandscapeRight";
				LD_RUNPATH_SEARCH_PATHS = (
					"$(inherited)",
					"@executable_path/Frameworks",
				);
				MARKETING_VERSION = 1.0;
				PRODUCT_BUNDLE_IDENTIFIER = FluidLabs.ShopSenseAI;
				PRODUCT_NAME = "$(TARGET_NAME)";
				SWIFT_EMIT_LOC_STRINGS = YES;
				SWIFT_VERSION = 5.0;
				TARGETED_DEVICE_FAMILY = "1,2";
			};
			name = Release;
		};
		971CBF1C2E362E0400871644 /* Debug */ = {
			isa = XCBuildConfiguration;
			buildSettings = {
				BUNDLE_LOADER = "$(TEST_HOST)";
				CODE_SIGN_STYLE = Automatic;
				CURRENT_PROJECT_VERSION = 1;
				DEVELOPMENT_TEAM = H53WEUDJ77;
				GENERATE_INFOPLIST_FILE = YES;
				IPHONEOS_DEPLOYMENT_TARGET = 18.0;
				MARKETING_VERSION = 1.0;
				PRODUCT_BUNDLE_IDENTIFIER = FluidLabs.ShopSenseAITests;
				PRODUCT_NAME = "$(TARGET_NAME)";
				SWIFT_EMIT_LOC_STRINGS = NO;
				SWIFT_VERSION = 5.0;
				TARGETED_DEVICE_FAMILY = "1,2";
				TEST_HOST = "$(BUILT_PRODUCTS_DIR)/ShopSenseAI.app/$(BUNDLE_EXECUTABLE_FOLDER_PATH)/ShopSenseAI";
			};
			name = Debug;
		};
		971CBF1D2E362E0400871644 /* Release */ = {
			isa = XCBuildConfiguration;
			buildSettings = {
				BUNDLE_LOADER = "$(TEST_HOST)";
				CODE_SIGN_STYLE = Automatic;
				CURRENT_PROJECT_VERSION = 1;
				DEVELOPMENT_TEAM = H53WEUDJ77;
				GENERATE_INFOPLIST_FILE = YES;
				IPHONEOS_DEPLOYMENT_TARGET = 18.0;
				MARKETING_VERSION = 1.0;
				PRODUCT_BUNDLE_IDENTIFIER = FluidLabs.ShopSenseAITests;
				PRODUCT_NAME = "$(TARGET_NAME)";
				SWIFT_EMIT_LOC_STRINGS = NO;
				SWIFT_VERSION = 5.0;
				TARGETED_DEVICE_FAMILY = "1,2";
				TEST_HOST = "$(BUILT_PRODUCTS_DIR)/ShopSenseAI.app/$(BUNDLE_EXECUTABLE_FOLDER_PATH)/ShopSenseAI";
			};
			name = Release;
		};
		971CBF1F2E362E0400871644 /* Debug */ = {
			isa = XCBuildConfiguration;
			buildSettings = {
				CODE_SIGN_STYLE = Automatic;
				CURRENT_PROJECT_VERSION = 1;
				DEVELOPMENT_TEAM = H53WEUDJ77;
				GENERATE_INFOPLIST_FILE = YES;
				MARKETING_VERSION = 1.0;
				PRODUCT_BUNDLE_IDENTIFIER = FluidLabs.ShopSenseAIUITests;
				PRODUCT_NAME = "$(TARGET_NAME)";
				SWIFT_EMIT_LOC_STRINGS = NO;
				SWIFT_VERSION = 5.0;
				TARGETED_DEVICE_FAMILY = "1,2";
				TEST_TARGET_NAME = ShopSenseAI;
			};
			name = Debug;
		};
		971CBF202E362E0400871644 /* Release */ = {
			isa = XCBuildConfiguration;
			buildSettings = {
				CODE_SIGN_STYLE = Automatic;
				CURRENT_PROJECT_VERSION = 1;
				DEVELOPMENT_TEAM = H53WEUDJ77;
				GENERATE_INFOPLIST_FILE = YES;
				MARKETING_VERSION = 1.0;
				PRODUCT_BUNDLE_IDENTIFIER = FluidLabs.ShopSenseAIUITests;
				PRODUCT_NAME = "$(TARGET_NAME)";
				SWIFT_EMIT_LOC_STRINGS = NO;
				SWIFT_VERSION = 5.0;
				TARGETED_DEVICE_FAMILY = "1,2";
				TEST_TARGET_NAME = ShopSenseAI;
			};
			name = Release;
		};
/* End XCBuildConfiguration section */

/* Begin XCConfigurationList section */
		971CBEEF2E362E0100871644 /* Build configuration list for PBXProject "ShopSenseAI" */ = {
			isa = XCConfigurationList;
			buildConfigurations = (
				971CBF162E362E0400871644 /* Debug */,
				971CBF172E362E0400871644 /* Release */,
			);
			defaultConfigurationIsVisible = 0;
			defaultConfigurationName = Release;
		};
		971CBF182E362E0400871644 /* Build configuration list for PBXNativeTarget "ShopSenseAI" */ = {
			isa = XCConfigurationList;
			buildConfigurations = (
				971CBF192E362E0400871644 /* Debug */,
				971CBF1A2E362E0400871644 /* Release */,
			);
			defaultConfigurationIsVisible = 0;
			defaultConfigurationName = Release;
		};
		971CBF1B2E362E0400871644 /* Build configuration list for PBXNativeTarget "ShopSenseAITests" */ = {
			isa = XCConfigurationList;
			buildConfigurations = (
				971CBF1C2E362E0400871644 /* Debug */,
				971CBF1D2E362E0400871644 /* Release */,
			);
			defaultConfigurationIsVisible = 0;
			defaultConfigurationName = Release;
		};
		971CBF1E2E362E0400871644 /* Build configuration list for PBXNativeTarget "ShopSenseAIUITests" */ = {
			isa = XCConfigurationList;
			buildConfigurations = (
				971CBF1F2E362E0400871644 /* Debug */,
				971CBF202E362E0400871644 /* Release */,
			);
			defaultConfigurationIsVisible = 0;
			defaultConfigurationName = Release;
		};
/* End XCConfigurationList section */
	};
	rootObject = 971CBEEC2E362E0100871644 /* Project object */;
}
