// !$*UTF8*$!
{
	archiveVersion = 1;
	classes = {
	};
	objectVersion = 77;
	objects = {

/* Begin PBXContainerItemProxy section */
		971CBF052E362E0400871644 /* PBXContainerItemProxy */ = {
			isa = PBXContainerItemProxy;
			containerPortal = 971CBEEC2E362E0100871644 /* Project object */;
			proxyType = 1;
			remoteGlobalIDString = 971CBEF32E362E0100871644;
			remoteInfo = ShopSenseAI;
		};
		971CBF0F2E362E0400871644 /* PBXContainerItemProxy */ = {
			isa = PBXContainerItemProxy;
			containerPortal = 971CBEEC2E362E0100871644 /* Project object */;
			proxyType = 1;
			remoteGlobalIDString = 971CBEF32E362E0100871644;
			remoteInfo = ShopSenseAI;
		};
/* End PBXContainerItemProxy section */

/* Begin PBXFileReference section */
		971CBEF42E362E0100871644 /* ShopSenseAI.app */ = {isa = PBXFileReference; explicitFileType = wrapper.application; includeInIndex = 0; path = ShopSenseAI.app; sourceTree = BUILT_PRODUCTS_DIR; };
		971CBF042E362E0400871644 /* ShopSenseAITests.xctest */ = {isa = PBXFileReference; explicitFileType = wrapper.cfbundle; includeInIndex = 0; path = ShopSenseAITests.xctest; sourceTree = BUILT_PRODUCTS_DIR; };
		971CBF0E2E362E0400871644 /* ShopSenseAIUITests.xctest */ = {isa = PBXFileReference; explicitFileType = wrapper.cfbundle; includeInIndex = 0; path = ShopSenseAIUITests.xctest; sourceTree = BUILT_PRODUCTS_DIR; };
/* End PBXFileReference section */

/* Begin PBXFileSystemSynchronizedRootGroup section */
		971CBEF62E362E0100871644 /* ShopSenseAI */ = {
			isa = PBXFileSystemSynchronizedRootGroup;
			path = ShopSenseAI;
			sourceTree = "<group>";
		};
		971CBF072E362E0400871644 /* ShopSenseAITests */ = {
			isa = PBXFileSystemSynchronizedRootGroup;
			path = ShopSenseAITests;
			sourceTree = "<group>";
		};
		971CBF112E362E0400871644 /* ShopSenseAIUITests */ = {
			isa = PBXFileSystemSynchronizedRootGroup;
			path = ShopSenseAIUITests;
			sourceTree = "<group>";
		};
/* End PBXFileSystemSynchronizedRootGroup section */

/* Begin PBXFrameworksBuildPhase section */
		971CBEF12E362E0100871644 /* Frameworks */ = {
			isa = PBXFrameworksBuildPhase;
			buildActionMask = 2147483647;
			files = (
			);
			runOnlyForDeploymentPostprocessing = 0;
		};
		971CBF012E362E0400871644 /* Frameworks */ = {
			isa = PBXFrameworksBuildPhase;
			buildActionMask = 2147483647;
			files = (
			);
			runOnlyForDeploymentPostprocessing = 0;
		};
		971CBF0B2E362E0400871644 /* Frameworks */ = {
			isa = PBXFrameworksBuildPhase;
			buildActionMask = 2147483647;
			files = (
			);
			runOnlyForDeploymentPostprocessing = 0;
		};
/* End PBXFrameworksBuildPhase section */

/* Begin PBXGroup section */
		971CBEEB2E362E0100871644 = {
			isa = PBXGroup;
			children = (
				971CBEF62E362E0100871644 /* ShopSenseAI */,
				971CBF072E362E0400871644 /* ShopSenseAITests */,
				971CBF112E362E0400871644 /* ShopSenseAIUITests */,
				971CBEF52E362E0100871644 /* Products */,
			);
			sourceTree = "<group>";
		};
		971CBEF52E362E0100871644 /* Products */ = {
			isa = PBXGroup;
			children = (
				971CBEF42E362E0100871644 /* ShopSenseAI.app */,
				971CBF042E362E0400871644 /* ShopSenseAITests.xctest */,
				971CBF0E2E362E0400871644 /* ShopSenseAIUITests.xctest */,
			);
			name = Products;
			sourceTree = "<group>";
		};
/* End PBXGroup section */

/* Begin PBXNativeTarget section */
		971CBEF32E362E0100871644 /* ShopSenseAI */ = {
			isa = PBXNativeTarget;
			buildConfigurationList = 971CBF182E362E0400871644 /* Build configuration list for PBXNativeTarget "ShopSenseAI" */;
			buildPhases = (
				971CBEF02E362E0100871644 /* Sources */,
				971CBEF12E362E0100871644 /* Frameworks */,
				971CBEF22E362E0100871644 /* Resources */,
			);
			buildRules = (
			);
			dependencies = (
			);
			fileSystemSynchronizedGroups = (
				971CBEF62E362E0100871644 /* ShopSenseAI */,
			);
			name = ShopSenseAI;
			packageProductDependencies = (
			);
			productName = ShopSenseAI;
			productReference = 971CBEF42E362E0100871644 /* ShopSenseAI.app */;
			productType = "com.apple.product-type.application";
		};
		971CBF032E362E0400871644 /* ShopSenseAITests */ = {
			isa = PBXNativeTarget;
			buildConfigurationList = 971CBF1B2E362E0400871644 /* Build configuration list for PBXNativeTarget "ShopSenseAITests" */;
			buildPhases = (
				971CBF002E362E0400871644 /* Sources */,
				971CBF012E362E0400871644 /* Frameworks */,
				971CBF022E362E0400871644 /* Resources */,
			);
			buildRules = (
			);
			dependencies = (
				971CBF062E362E0400871644 /* PBXTargetDependency */,
			);
			fileSystemSynchronizedGroups = (
				971CBF072E362E0400871644 /* ShopSenseAITests */,
			);
			name = ShopSenseAITests;
			packageProductDependencies = (
			);
			productName = ShopSenseAITests;
			productReference = 971CBF042E362E0400871644 /* ShopSenseAITests.xctest */;
			productType = "com.apple.product-type.bundle.unit-test";
		};
		971CBF0D2E362E0400871644 /* ShopSenseAIUITests */ = {
			isa = PBXNativeTarget;
			buildConfigurationList = 971CBF1E2E362E0400871644 /* Build configuration list for PBXNativeTarget "ShopSenseAIUITests" */;
			buildPhases = (
				971CBF0A2E362E0400871644 /* Sources */,
				971CBF0B2E362E0400871644 /* Frameworks */,
				971CBF0C2E362E0400871644 /* Resources */,
			);
			buildRules = (
			);
			dependencies = (
				971CBF102E362E0400871644 /* PBXTargetDependency */,
			);
			fileSystemSynchronizedGroups = (
				971CBF112E362E0400871644 /* ShopSenseAIUITests */,
			);
			name = ShopSenseAIUITests;
			packageProductDependencies = (
			);
			productName = ShopSenseAIUITests;
			productReference = 971CBF0E2E362E0400871644 /* ShopSenseAIUITests.xctest */;
			productType = "com.apple.product-type.bundle.ui-testing";
		};
/* End PBXNativeTarget section */

/* Begin PBXProject section */
		971CBEEC2E362E0100871644 /* Project object */ = {
			isa = PBXProject;
			attributes = {
				BuildIndependentTargetsInParallel = 1;
				LastSwiftUpdateCheck = 1600;
				LastUpgradeCheck = 1600;
				TargetAttributes = {
					971CBEF32E362E0100871644 = {
						CreatedOnToolsVersion = 16.0;
					};
					971CBF032E362E0400871644 = {
						CreatedOnToolsVersion = 16.0;
						TestTargetID = 971CBEF32E362E0100871644;
					};
					971CBF0D2E362E0400871644 = {
						CreatedOnToolsVersion = 16.0;
						TestTargetID = 971CBEF32E362E0100871644;
					};
				};
			};
			buildConfigurationList = 971CBEEF2E362E0100871644 /* Build configuration list for PBXProject "ShopSenseAI" */;
			developmentRegion = en;
			hasScannedForEncodings = 0;
			knownRegions = (
				en,
				Base,
			);
			mainGroup = 971CBEEB2E362E0100871644;
			minimizedProjectReferenceProxies = 1;
			preferredProjectObjectVersion = 77;
			productRefGroup = 971CBEF52E362E0100871644 /* Products */;
			projectDirPath = "";
			projectRoot = "";
			targets = (
				971CBEF32E362E0100871644 /* ShopSenseAI */,
				971CBF032E362E0400871644 /* ShopSenseAITests */,
				971CBF0D2E362E0400871644 /* ShopSenseAIUITests */,
			);
		};
/* End PBXProject section */

/* Begin PBXResourcesBuildPhase section */
		971CBEF22E362E0100871644 /* Resources */ = {
			isa = PBXResourcesBuildPhase;
			buildActionMask = 2147483647;
			files = (
			);
			runOnlyForDeploymentPostprocessing = 0;
		};
		971CBF022E362E0400871644 /* Resources */ = {
			isa = PBXResourcesBuildPhase;
			buildActionMask = 2147483647;
			files = (
			);
			runOnlyForDeploymentPostprocessing = 0;
		};
		971CBF0C2E362E0400871644 /* Resources */ = {
			isa = PBXResourcesBuildPhase;
			buildActionMask = 2147483647;
			files = (
			);
			runOnlyForDeploymentPostprocessing = 0;
		};
/* End PBXResourcesBuildPhase section */

/* Begin PBXSourcesBuildPhase section */
		971CBEF02E362E0100871644 /* Sources */ = {
			isa = PBXSourcesBuildPhase;
			buildActionMask = 2147483647;
			files = (
			);
			runOnlyForDeploymentPostprocessing = 0;
		};
		971CBF002E362E0400871644 /* Sources */ = {
			isa = PBXSourcesBuildPhase;
			buildActionMask = 2147483647;
			files = (
			);
			runOnlyForDeploymentPostprocessing = 0;
		};
		971CBF0A2E362E0400871644 /* Sources */ = {
			isa = PBXSourcesBuildPhase;
			buildActionMask = 2147483647;
			files = (
			);
			runOnlyForDeploymentPostprocessing = 0;
		};
/* End PBXSourcesBuildPhase section */

/* Begin PBXTargetDependency section */
		971CBF062E362E0400871644 /* PBXTargetDependency */ = {
			isa = PBXTargetDependency;
			target = 971CBEF32E362E0100871644 /* ShopSenseAI */;
			targetProxy = 971CBF052E362E0400871644 /* PBXContainerItemProxy */;
		};
		971CBF102E362E0400871644 /* PBXTargetDependency */ = {
			isa = PBXTargetDependency;
			target = 971CBEF32E362E0100871644 /* ShopSenseAI */;
			targetProxy = 971CBF0F2E362E0400871644 /* PBXContainerItemProxy */;
		};
/* End PBXTargetDependency section */

/* Begin XCBuildConfiguration section */
		971CBF162E362E0400871644 /* Debug */ = {
			isa = XCBuildConfiguration;
			buildSettings = {
				ALWAYS_SEARCH_USER_PATHS = NO;
				ASSETCATALOG_COMPILER_GENERATE_SWIFT_ASSET_SYMBOL_EXTENSIONS = YES;
				CLANG_ANALYZER_NONNULL = YES;
				CLANG_ANALYZER_NUMBER_OBJECT_CONVERSION = YES_AGGRESSIVE;
				CLANG_CXX_LANGUAGE_STANDARD = "gnu++20";
				CLANG_ENABLE_MODULES = YES;
				CLANG_ENABLE_OBJC_ARC = YES;
				CLANG_ENABLE_OBJC_WEAK = YES;
				CLANG_WARN_BLOCK_CAPTURE_AUTORELEASING = YES;
				CLANG_WARN_BOOL_CONVERSION = YES;
				CLANG_WARN_COMMA = YES;
				CLANG_WARN_CONSTANT_CONVERSION = YES;
				CLANG_WARN_DEPRECATED_OBJC_IMPLEMENTATIONS = YES;
				CLANG_WARN_DIRECT_OBJC_ISA_USAGE = YES_ERROR;
				CLANG_WARN_DOCUMENTATION_COMMENTS = YES;
				CLANG_WARN_EMPTY_BODY = YES;
				CLANG_WARN_ENUM_CONVERSION = YES;
				CLANG_WARN_INFINITE_RECURSION = YES;
				CLANG_WARN_INT_CONVERSION = YES;
				CLANG_WARN_NON_LITERAL_NULL_CONVERSION = YES;
				CLANG_WARN_OBJC_IMPLICIT_RETAIN_SELF = YES;
				CLANG_WARN_OBJC_LITERAL_CONVERSION = YES;
				CLANG_WARN_OBJC_ROOT_CLASS = YES_ERROR;
				CLANG_WARN_QUOTED_INCLUDE_IN_FRAMEWORK_HEADER = YES;
				CLANG_WARN_RANGE_LOOP_ANALYSIS = YES;
				CLANG_WARN_STRICT_PROTOTYPES = YES;
				CLANG_WARN_SUSPICIOUS_MOVE = YES;
				CLANG_WARN_UNGUARDED_AVAILABILITY = YES_AGGRESSIVE;
				CLANG_WARN_UNREACHABLE_CODE = YES;
				CLANG_WARN__DUPLICATE_METHOD_MATCH = YES;
				COPY_PHASE_STRIP = NO;
				DEBUG_INFORMATION_FORMAT = dwarf;
				ENABLE_STRICT_OBJC_MSGSEND = YES;
				ENABLE_TESTABILITY = YES;
				ENABLE_USER_SCRIPT_SANDBOXING = YES;
				GCC_C_LANGUAGE_STANDARD = gnu17;
				GCC_DYNAMIC_NO_PIC = NO;
				GCC_NO_COMMON_BLOCKS = YES;
				GCC_OPTIMIZATION_LEVEL = 0;
				GCC_PREPROCESSOR_DEFINITIONS = (
					"DEBUG=1",
					"$(inherited)",
				);
				GCC_WARN_64_TO_32_BIT_CONVERSION = YES;
				GCC_WARN_ABOUT_RETURN_TYPE = YES_ERROR;
				GCC_WARN_UNDECLARED_SELECTOR = YES;
				GCC_WARN_UNINITIALIZED_AUTOS = YES_AGGRESSIVE;
				GCC_WARN_UNUSED_FUNCTION = YES;
				GCC_WARN_UNUSED_VARIABLE = YES;
				IPHONEOS_DEPLOYMENT_TARGET = 18.0;
				LOCALIZATION_PREFERS_STRING_CATALOGS = YES;
				MTL_ENABLE_DEBUG_INFO = INCLUDE_SOURCE;
				MTL_FAST_MATH = YES;
				ONLY_ACTIVE_ARCH = YES;
				SDKROOT = iphoneos;
				SWIFT_ACTIVE_COMPILATION_CONDITIONS = "DEBUG $(inherited)";
				SWIFT_OPTIMIZATION_LEVEL = "-Onone";
			};
			name = Debug;
		};
		971CBF172E362E0400871644 /* Release */ = {
			isa = XCBuildConfiguration;
			buildSettings = {
				ALWAYS_SEARCH_USER_PATHS = NO;
				ASSETCATALOG_COMPILER_GENERATE_SWIFT_ASSET_SYMBOL_EXTENSIONS = YES;
				CLANG_ANALYZER_NONNULL = YES;
				CLANG_ANALYZER_NUMBER_OBJECT_CONVERSION = YES_AGGRESSIVE;
				CLANG_CXX_LANGUAGE_STANDARD = "gnu++20";
				CLANG_ENABLE_MODULES = YES;
				CLANG_ENABLE_OBJC_ARC = YES;
				CLANG_ENABLE_OBJC_WEAK = YES;
				CLANG_WARN_BLOCK_CAPTURE_AUTORELEASING = YES;
				CLANG_WARN_BOOL_CONVERSION = YES;
				CLANG_WARN_COMMA = YES;
				CLANG_WARN_CONSTANT_CONVERSION = YES;
				CLANG_WARN_DEPRECATED_OBJC_IMPLEMENTATIONS = YES;
				CLANG_WARN_DIRECT_OBJC_ISA_USAGE = YES_ERROR;
				CLANG_WARN_DOCUMENTATION_COMMENTS = YES;
				CLANG_WARN_EMPTY_BODY = YES;
				CLANG_WARN_ENUM_CONVERSION = YES;
				CLANG_WARN_INFINITE_RECURSION = YES;
				CLANG_WARN_INT_CONVERSION = YES;
				CLANG_WARN_NON_LITERAL_NULL_CONVERSION = YES;
				CLANG_WARN_OBJC_IMPLICIT_RETAIN_SELF = YES;
				CLANG_WARN_OBJC_LITERAL_CONVERSION = YES;
				CLANG_WARN_OBJC_ROOT_CLASS = YES_ERROR;
				CLANG_WARN_QUOTED_INCLUDE_IN_FRAMEWORK_HEADER = YES;
				CLANG_WARN_RANGE_LOOP_ANALYSIS = YES;
				CLANG_WARN_STRICT_PROTOTYPES = YES;
				CLANG_WARN_SUSPICIOUS_MOVE = YES;
				CLANG_WARN_UNGUARDED_AVAILABILITY = YES_AGGRESSIVE;
				CLANG_WARN_UNREACHABLE_CODE = YES;
				CLANG_WARN__DUPLICATE_METHOD_MATCH = YES;
				COPY_PHASE_STRIP = NO;
				DEBUG_INFORMATION_FORMAT = "dwarf-with-dsym";
				ENABLE_NS_ASSERTIONS = NO;
				ENABLE_STRICT_OBJC_MSGSEND = YES;
				ENABLE_USER_SCRIPT_SANDBOXING = YES;
				GCC_C_LANGUAGE_STANDARD = gnu17;
				GCC_NO_COMMON_BLOCKS = YES;
				GCC_WARN_64_TO_32_BIT_CONVERSION = YES;
				GCC_WARN_ABOUT_RETURN_TYPE = YES_ERROR;
				GCC_WARN_UNDECLARED_SELECTOR = YES;
				GCC_WARN_UNINITIALIZED_AUTOS = YES_AGGRESSIVE;
				GCC_WARN_UNUSED_FUNCTION = YES;
				GCC_WARN_UNUSED_VARIABLE = YES;
				IPHONEOS_DEPLOYMENT_TARGET = 18.0;
				LOCALIZATION_PREFERS_STRING_CATALOGS = YES;
				MTL_ENABLE_DEBUG_INFO = NO;
				MTL_FAST_MATH = YES;
				SDKROOT = iphoneos;
				SWIFT_COMPILATION_MODE = wholemodule;
				VALIDATE_PRODUCT = YES;
			};
			name = Release;
		};
		971CBF192E362E0400871644 /* Debug */ = {
			isa = XCBuildConfiguration;
			buildSettings = {
				ASSETCATALOG_COMPILER_APPICON_NAME = AppIcon;
				ASSETCATALOG_COMPILER_GLOBAL_ACCENT_COLOR_NAME = AccentColor;
				CODE_SIGN_STYLE = Automatic;
				CURRENT_PROJECT_VERSION = 1;
				DEVELOPMENT_ASSET_PATHS = "\"ShopSenseAI/Preview Content\"";
				DEVELOPMENT_TEAM = H53WEUDJ77;
				ENABLE_PREVIEWS = YES;
				GENERATE_INFOPLIST_FILE = YES;
				INFOPLIST_KEY_UIApplicationSceneManifest_Generation = YES;
				INFOPLIST_KEY_UIApplicationSupportsIndirectInputEvents = YES;
				INFOPLIST_KEY_UILaunchScreen_Generation = YES;
				INFOPLIST_KEY_UISupportedInterfaceOrientations_iPad = "UIInterfaceOrientationPortrait UIInterfaceOrientationPortraitUpsideDown UIInterfaceOrientationLandscapeLeft UIInterfaceOrientationLandscapeRight";
				INFOPLIST_KEY_UISupportedInterfaceOrientations_iPhone = "UIInterfaceOrientationPortrait UIInterfaceOrientationLandscapeLeft UIInterfaceOrientationLandscapeRight";
				LD_RUNPATH_SEARCH_PATHS = (
					"$(inherited)",
					"@executable_path/Frameworks",
				);
				MARKETING_VERSION = 1.0;
				PRODUCT_BUNDLE_IDENTIFIER = FluidLabs.ShopSenseAI;
				PRODUCT_NAME = "$(TARGET_NAME)";
				SWIFT_EMIT_LOC_STRINGS = YES;
				SWIFT_VERSION = 5.0;
				TARGETED_DEVICE_FAMILY = "1,2";
			};
			name = Debug;
		};
		971CBF1A2E362E0400871644 /* Release */ = {
			isa = XCBuildConfiguration;
			buildSettings = {
				ASSETCATALOG_COMPILER_APPICON_NAME = AppIcon;
				ASSETCATALOG_COMPILER_GLOBAL_ACCENT_COLOR_NAME = AccentColor;
				CODE_SIGN_STYLE = Automatic;
				CURRENT_PROJECT_VERSION = 1;
				DEVELOPMENT_ASSET_PATHS = "\"ShopSenseAI/Preview Content\"";
				DEVELOPMENT_TEAM = H53WEUDJ77;
				ENABLE_PREVIEWS = YES;
				GENERATE_INFOPLIST_FILE = YES;
				INFOPLIST_KEY_UIApplicationSceneManifest_Generation = YES;
				INFOPLIST_KEY_UIApplicationSupportsIndirectInputEvents = YES;
				INFOPLIST_KEY_UILaunchScreen_Generation = YES;
				INFOPLIST_KEY_UISupportedInterfaceOrientations_iPad = "UIInterfaceOrientationPortrait UIInterfaceOrientationPortraitUpsideDown UIInterfaceOrientationLandscapeLeft UIInterfaceOrientationLandscapeRight";
				INFOPLIST_KEY_UISupportedInterfaceOrientations_iPhone = "UIInterfaceOrientationPortrait UIInterfaceOrientationLandscapeLeft UIInterfaceOrientationLandscapeRight";
				LD_RUNPATH_SEARCH_PATHS = (
					"$(inherited)",
					"@executable_path/Frameworks",
				);
				MARKETING_VERSION = 1.0;
				PRODUCT_BUNDLE_IDENTIFIER = FluidLabs.ShopSenseAI;
				PRODUCT_NAME = "$(TARGET_NAME)";
				SWIFT_EMIT_LOC_STRINGS = YES;
				SWIFT_VERSION = 5.0;
				TARGETED_DEVICE_FAMILY = "1,2";
			};
			name = Release;
		};
		971CBF1C2E362E0400871644 /* Debug */ = {
			isa = XCBuildConfiguration;
			buildSettings = {
				BUNDLE_LOADER = "$(TEST_HOST)";
				CODE_SIGN_STYLE = Automatic;
				CURRENT_PROJECT_VERSION = 1;
				DEVELOPMENT_TEAM = H53WEUDJ77;
				GENERATE_INFOPLIST_FILE = YES;
				IPHONEOS_DEPLOYMENT_TARGET = 18.0;
				MARKETING_VERSION = 1.0;
				PRODUCT_BUNDLE_IDENTIFIER = FluidLabs.ShopSenseAITests;
				PRODUCT_NAME = "$(TARGET_NAME)";
				SWIFT_EMIT_LOC_STRINGS = NO;
				SWIFT_VERSION = 5.0;
				TARGETED_DEVICE_FAMILY = "1,2";
				TEST_HOST = "$(BUILT_PRODUCTS_DIR)/ShopSenseAI.app/$(BUNDLE_EXECUTABLE_FOLDER_PATH)/ShopSenseAI";
			};
			name = Debug;
		};
		971CBF1D2E362E0400871644 /* Release */ = {
			isa = XCBuildConfiguration;
			buildSettings = {
				BUNDLE_LOADER = "$(TEST_HOST)";
				CODE_SIGN_STYLE = Automatic;
				CURRENT_PROJECT_VERSION = 1;
				DEVELOPMENT_TEAM = H53WEUDJ77;
				GENERATE_INFOPLIST_FILE = YES;
				IPHONEOS_DEPLOYMENT_TARGET = 18.0;
				MARKETING_VERSION = 1.0;
				PRODUCT_BUNDLE_IDENTIFIER = FluidLabs.ShopSenseAITests;
				PRODUCT_NAME = "$(TARGET_NAME)";
				SWIFT_EMIT_LOC_STRINGS = NO;
				SWIFT_VERSION = 5.0;
				TARGETED_DEVICE_FAMILY = "1,2";
				TEST_HOST = "$(BUILT_PRODUCTS_DIR)/ShopSenseAI.app/$(BUNDLE_EXECUTABLE_FOLDER_PATH)/ShopSenseAI";
			};
			name = Release;
		};
		971CBF1F2E362E0400871644 /* Debug */ = {
			isa = XCBuildConfiguration;
			buildSettings = {
				CODE_SIGN_STYLE = Automatic;
				CURRENT_PROJECT_VERSION = 1;
				DEVELOPMENT_TEAM = H53WEUDJ77;
				GENERATE_INFOPLIST_FILE = YES;
				MARKETING_VERSION = 1.0;
				PRODUCT_BUNDLE_IDENTIFIER = FluidLabs.ShopSenseAIUITests;
				PRODUCT_NAME = "$(TARGET_NAME)";
				SWIFT_EMIT_LOC_STRINGS = NO;
				SWIFT_VERSION = 5.0;
				TARGETED_DEVICE_FAMILY = "1,2";
				TEST_TARGET_NAME = ShopSenseAI;
			};
			name = Debug;
		};
		971CBF202E362E0400871644 /* Release */ = {
			isa = XCBuildConfiguration;
			buildSettings = {
				CODE_SIGN_STYLE = Automatic;
				CURRENT_PROJECT_VERSION = 1;
				DEVELOPMENT_TEAM = H53WEUDJ77;
				GENERATE_INFOPLIST_FILE = YES;
				MARKETING_VERSION = 1.0;
				PRODUCT_BUNDLE_IDENTIFIER = FluidLabs.ShopSenseAIUITests;
				PRODUCT_NAME = "$(TARGET_NAME)";
				SWIFT_EMIT_LOC_STRINGS = NO;
				SWIFT_VERSION = 5.0;
				TARGETED_DEVICE_FAMILY = "1,2";
				TEST_TARGET_NAME = ShopSenseAI;
			};
			name = Release;
		};
/* End XCBuildConfiguration section */

/* Begin XCConfigurationList section */
		971CBEEF2E362E0100871644 /* Build configuration list for PBXProject "ShopSenseAI" */ = {
			isa = XCConfigurationList;
			buildConfigurations = (
				971CBF162E362E0400871644 /* Debug */,
				971CBF172E362E0400871644 /* Release */,
			);
			defaultConfigurationIsVisible = 0;
			defaultConfigurationName = Release;
		};
		971CBF182E362E0400871644 /* Build configuration list for PBXNativeTarget "ShopSenseAI" */ = {
			isa = XCConfigurationList;
			buildConfigurations = (
				971CBF192E362E0400871644 /* Debug */,
				971CBF1A2E362E0400871644 /* Release */,
			);
			defaultConfigurationIsVisible = 0;
			defaultConfigurationName = Release;
		};
		971CBF1B2E362E0400871644 /* Build configuration list for PBXNativeTarget "ShopSenseAITests" */ = {
			isa = XCConfigurationList;
			buildConfigurations = (
				971CBF1C2E362E0400871644 /* Debug */,
				971CBF1D2E362E0400871644 /* Release */,
			);
			defaultConfigurationIsVisible = 0;
			defaultConfigurationName = Release;
		};
		971CBF1E2E362E0400871644 /* Build configuration list for PBXNativeTarget "ShopSenseAIUITests" */ = {
			isa = XCConfigurationList;
			buildConfigurations = (
				971CBF1F2E362E0400871644 /* Debug */,
				971CBF202E362E0400871644 /* Release */,
			);
			defaultConfigurationIsVisible = 0;
			defaultConfigurationName = Release;
		};
/* End XCConfigurationList section */
	};
	rootObject = 971CBEEC2E362E0100871644 /* Project object */;
}
